
Microsoft Visual Studio Solution File, Format Version 12.00
# Visual Studio Version 16
VisualStudioVersion = 16.0.29209.62
MinimumVisualStudioVersion = 10.0.40219.1
Project("{FAE04EC0-301F-11D3-BF4B-00C04F79EFBC}") = "Server", "Server\Server.csproj", "{3B79EEFD-967B-4DE2-8047-CC2F828F99BA}"
EndProject
Project("{FAE04EC0-301F-11D3-BF4B-00C04F79EFBC}") = "Common", "Common\Common.csproj", "{CD48E12E-8C62-46CA-9CF4-5FE67D935129}"
EndProject
Project("{FAE04EC0-301F-11D3-BF4B-00C04F79EFBC}") = "Client", "Client\Client.csproj", "{7A62DDC6-2063-41B0-A279-A2F4B18275E1}"
EndProject
Global
	GlobalSection(SolutionConfigurationPlatforms) = preSolution
		Debug|Any CPU = Debug|Any CPU
		Release|Any CPU = Release|Any CPU
	EndGlobalSection
	GlobalSection(ProjectConfigurationPlatforms) = postSolution
		{3B79EEFD-967B-4DE2-8047-CC2F828F99BA}.Debug|Any CPU.ActiveCfg = Debug|Any CPU
		{3B79EEFD-967B-4DE2-8047-CC2F828F99BA}.Debug|Any CPU.Build.0 = Debug|Any CPU
		{3B79EEFD-967B-4DE2-8047-CC2F828F99BA}.Release|Any CPU.ActiveCfg = Release|Any CPU
		{3B79EEFD-967B-4DE2-8047-CC2F828F99BA}.Release|Any CPU.Build.0 = Release|Any CPU
		{CD48E12E-8C62-46CA-9CF4-5FE67D935129}.Debug|Any CPU.ActiveCfg = Debug|Any CPU
		{CD48E12E-8C62-46CA-9CF4-5FE67D935129}.Debug|Any CPU.Build.0 = Debug|Any CPU
		{CD48E12E-8C62-46CA-9CF4-5FE67D935129}.Release|Any CPU.ActiveCfg = Release|Any CPU
		{CD48E12E-8C62-46CA-9CF4-5FE67D935129}.Release|Any CPU.Build.0 = Release|Any CPU
		{7A62DDC6-2063-41B0-A279-A2F4B18275E1}.Debug|Any CPU.ActiveCfg = Debug|Any CPU
		{7A62DDC6-2063-41B0-A279-A2F4B18275E1}.Debug|Any CPU.Build.0 = Debug|Any CPU
		{7A62DDC6-2063-41B0-A279-A2F4B18275E1}.Release|Any CPU.ActiveCfg = Release|Any CPU
		{7A62DDC6-2063-41B0-A279-A2F4B18275E1}.Release|Any CPU.Build.0 = Release|Any CPU
	EndGlobalSection
	GlobalSection(SolutionProperties) = preSolution
		HideSolutionNode = FALSE
	EndGlobalSection
	GlobalSection(ExtensibilityGlobals) = postSolution
		SolutionGuid = {8D0B9172-D9EC-4BCF-92B5-F6B6CDB0556D}
	EndGlobalSection
EndGlobal
